
Microsoft Visual Studio Solution File, Format Version 12.00
# Visual Studio Version 17
VisualStudioVersion = 17.13.35806.99 d17.13
MinimumVisualStudioVersion = 10.0.40219.1
Project("{FAE04EC0-301F-11D3-BF4B-00C04F79EFBC}") = "EjercicioClaseMAUIPages", "EjercicioClaseMAUIPages\EjercicioClaseMAUIPages.csproj", "{8A38FA42-D96E-41BE-8589-5C53CA9A05C6}"
EndProject
Global
	GlobalSection(SolutionConfigurationPlatforms) = preSolution
		Debug|Any CPU = Debug|Any CPU
		Release|Any CPU = Release|Any CPU
	EndGlobalSection
	GlobalSection(ProjectConfigurationPlatforms) = postSolution
		{8A38FA42-D96E-41BE-8589-5C53CA9A05C6}.Debug|Any CPU.ActiveCfg = Debug|Any CPU
		{8A38FA42-D96E-41BE-8589-5C53CA9A05C6}.Debug|Any CPU.Build.0 = Debug|Any CPU
		{8A38FA42-D96E-41BE-8589-5C53CA9A05C6}.Debug|Any CPU.Deploy.0 = Debug|Any CPU
		{8A38FA42-D96E-41BE-8589-5C53CA9A05C6}.Release|Any CPU.ActiveCfg = Release|Any CPU
		{8A38FA42-D96E-41BE-8589-5C53CA9A05C6}.Release|Any CPU.Build.0 = Release|Any CPU
		{8A38FA42-D96E-41BE-8589-5C53CA9A05C6}.Release|Any CPU.Deploy.0 = Release|Any CPU
	EndGlobalSection
	GlobalSection(SolutionProperties) = preSolution
		HideSolutionNode = FALSE
	EndGlobalSection
	GlobalSection(ExtensibilityGlobals) = postSolution
		SolutionGuid = {616B2CF0-7F1C-4EC9-A39C-0B82935BB245}
	EndGlobalSection
EndGlobal
